
Microsoft Visual Studio Solution File, Format Version 12.00
# Visual Studio Version 17
VisualStudioVersion = 17.0.31903.59
MinimumVisualStudioVersion = 10.0.40219.1
Project("{FAE04EC0-301F-11D3-BF4B-00C04F79EFBC}") = "Calculator", "Calculator\Calculator.csproj", "{306CE372-8F0B-4BFB-82D7-C50E05EDEE32}"
EndProject
Project("{FAE04EC0-301F-11D3-BF4B-00C04F79EFBC}") = "CalculatorTests", "CalculatorTests\CalculatorTests.csproj", "{D431B9E0-DEDA-4EE5-ABFF-D628A74592C0}"
EndProject
Global
	GlobalSection(SolutionConfigurationPlatforms) = preSolution
		Debug|Any CPU = Debug|Any CPU
		Release|Any CPU = Release|Any CPU
	EndGlobalSection
	GlobalSection(SolutionProperties) = preSolution
		HideSolutionNode = FALSE
	EndGlobalSection
	GlobalSection(ProjectConfigurationPlatforms) = postSolution
		{306CE372-8F0B-4BFB-82D7-C50E05EDEE32}.Debug|Any CPU.ActiveCfg = Debug|Any CPU
		{306CE372-8F0B-4BFB-82D7-C50E05EDEE32}.Debug|Any CPU.Build.0 = Debug|Any CPU
		{306CE372-8F0B-4BFB-82D7-C50E05EDEE32}.Release|Any CPU.ActiveCfg = Release|Any CPU
		{306CE372-8F0B-4BFB-82D7-C50E05EDEE32}.Release|Any CPU.Build.0 = Release|Any CPU
		{D431B9E0-DEDA-4EE5-ABFF-D628A74592C0}.Debug|Any CPU.ActiveCfg = Debug|Any CPU
		{D431B9E0-DEDA-4EE5-ABFF-D628A74592C0}.Debug|Any CPU.Build.0 = Debug|Any CPU
		{D431B9E0-DEDA-4EE5-ABFF-D628A74592C0}.Release|Any CPU.ActiveCfg = Release|Any CPU
		{D431B9E0-DEDA-4EE5-ABFF-D628A74592C0}.Release|Any CPU.Build.0 = Release|Any CPU
	EndGlobalSection
EndGlobal
